{
  "name": "test",
  "version": "1.0.0",
  "lockfileVersion": 2,
  "requires": true,
  "packages": {
    "": {
      "name": "test",
      "version": "1.0.0",
      "license": "ISC",
      "workspaces": [
        "hello"
      ]
    },
    "hello": {
      "version": "1.0.0",
      "license": "ISC",
      "dependencies": {
        "print": "*"
      }
    },
    "hello/print": {},
    "node_modules/hello": {
      "resolved": "hello",
      "link": true
    },
    "node_modules/print": {
      "resolved": "hello/print",
      "link": true
    }
  },
  "dependencies": {
    "hello": {
      "version": "file:hello",
      "requires": {
        "print": "file:print"
      }
    },
    "print": {
      "version": "file:hello/print"
    }
  }
}
